// !$*UTF8*$!
{
	archiveVersion = 1;
	classes = {
	};
	objectVersion = 46;
	objects = {

/* Begin PBXBuildFile section */
		69BF8EEF1E4E5EF800B435AB /* AppDelegate.swift in Sources */ = {isa = PBXBuildFile; fileRef = 69BF8EEE1E4E5EF800B435AB /* AppDelegate.swift */; };
		69BF8EF11E4E5EF800B435AB /* ViewController.swift in Sources */ = {isa = PBXBuildFile; fileRef = 69BF8EF01E4E5EF800B435AB /* ViewController.swift */; };
		69BF8EF41E4E5EF800B435AB /* Main.storyboard in Resources */ = {isa = PBXBuildFile; fileRef = 69BF8EF21E4E5EF800B435AB /* Main.storyboard */; };
		69BF8EF61E4E5EF800B435AB /* Assets.xcassets in Resources */ = {isa = PBXBuildFile; fileRef = 69BF8EF51E4E5EF800B435AB /* Assets.xcassets */; };
		69BF8EF91E4E5EF800B435AB /* LaunchScreen.storyboard in Resources */ = {isa = PBXBuildFile; fileRef = 69BF8EF71E4E5EF800B435AB /* LaunchScreen.storyboard */; };
/* End PBXBuildFile section */

/* Begin PBXFileReference section */
		69BF8EEB1E4E5EF800B435AB /* ShinyRainy.app */ = {isa = PBXFileReference; explicitFileType = wrapper.application; includeInIndex = 0; path = ShinyRainy.app; sourceTree = BUILT_PRODUCTS_DIR; };
		69BF8EEE1E4E5EF800B435AB /* AppDelegate.swift */ = {isa = PBXFileReference; lastKnownFileType = sourcecode.swift; path = AppDelegate.swift; sourceTree = "<group>"; };
		69BF8EF01E4E5EF800B435AB /* ViewController.swift */ = {isa = PBXFileReference; lastKnownFileType = sourcecode.swift; path = ViewController.swift; sourceTree = "<group>"; };
		69BF8EF31E4E5EF800B435AB /* Base */ = {isa = PBXFileReference; lastKnownFileType = file.storyboard; name = Base; path = Base.lproj/Main.storyboard; sourceTree = "<group>"; };
		69BF8EF51E4E5EF800B435AB /* Assets.xcassets */ = {isa = PBXFileReference; lastKnownFileType = folder.assetcatalog; path = Assets.xcassets; sourceTree = "<group>"; };
		69BF8EF81E4E5EF800B435AB /* Base */ = {isa = PBXFileReference; lastKnownFileType = file.storyboard; name = Base; path = Base.lproj/LaunchScreen.storyboard; sourceTree = "<group>"; };
		69BF8EFA1E4E5EF800B435AB /* Info.plist */ = {isa = PBXFileReference; lastKnownFileType = text.plist.xml; path = Info.plist; sourceTree = "<group>"; };
/* End PBXFileReference section */

/* Begin PBXFrameworksBuildPhase section */
		69BF8EE81E4E5EF800B435AB /* Frameworks */ = {
			isa = PBXFrameworksBuildPhase;
			buildActionMask = 2147483647;
			files = (
			);
			runOnlyForDeploymentPostprocessing = 0;
		};
/* End PBXFrameworksBuildPhase section */

/* Begin PBXGroup section */
		69BF8EE21E4E5EF800B435AB = {
			isa = PBXGroup;
			children = (
				69BF8EED1E4E5EF800B435AB /* ShinyRainy */,
				69BF8EEC1E4E5EF800B435AB /* Products */,
			);
			sourceTree = "<group>";
		};
		69BF8EEC1E4E5EF800B435AB /* Products */ = {
			isa = PBXGroup;
			children = (
				69BF8EEB1E4E5EF800B435AB /* ShinyRainy.app */,
			);
			name = Products;
			sourceTree = "<group>";
		};
		69BF8EED1E4E5EF800B435AB /* ShinyRainy */ = {
			isa = PBXGroup;
			children = (
				69BF8EEE1E4E5EF800B435AB /* AppDelegate.swift */,
				69BF8EF01E4E5EF800B435AB /* ViewController.swift */,
				69BF8EF21E4E5EF800B435AB /* Main.storyboard */,
				69BF8EF51E4E5EF800B435AB /* Assets.xcassets */,
				69BF8EF71E4E5EF800B435AB /* LaunchScreen.storyboard */,
				69BF8EFA1E4E5EF800B435AB /* Info.plist */,
			);
			path = ShinyRainy;
			sourceTree = "<group>";
		};
/* End PBXGroup section */

/* Begin PBXNativeTarget section */
		69BF8EEA1E4E5EF800B435AB /* ShinyRainy */ = {
			isa = PBXNativeTarget;
			buildConfigurationList = 69BF8EFD1E4E5EF800B435AB /* Build configuration list for PBXNativeTarget "ShinyRainy" */;
			buildPhases = (
				69BF8EE71E4E5EF800B435AB /* Sources */,
				69BF8EE81E4E5EF800B435AB /* Frameworks */,
				69BF8EE91E4E5EF800B435AB /* Resources */,
			);
			buildRules = (
			);
			dependencies = (
			);
			name = ShinyRainy;
			productName = ShinyRainy;
			productReference = 69BF8EEB1E4E5EF800B435AB /* ShinyRainy.app */;
			productType = "com.apple.product-type.application";
		};
/* End PBXNativeTarget section */

/* Begin PBXProject section */
		69BF8EE31E4E5EF800B435AB /* Project object */ = {
			isa = PBXProject;
			attributes = {
				LastSwiftUpdateCheck = 0820;
				LastUpgradeCheck = 0820;
				ORGANIZATIONNAME = "Mikhail Kulichkov";
				TargetAttributes = {
					69BF8EEA1E4E5EF800B435AB = {
						CreatedOnToolsVersion = 8.2.1;
						DevelopmentTeam = PY3Q8L7FLF;
						ProvisioningStyle = Automatic;
					};
				};
			};
			buildConfigurationList = 69BF8EE61E4E5EF800B435AB /* Build configuration list for PBXProject "ShinyRainy" */;
			compatibilityVersion = "Xcode 3.2";
			developmentRegion = English;
			hasScannedForEncodings = 0;
			knownRegions = (
				en,
				Base,
			);
			mainGroup = 69BF8EE21E4E5EF800B435AB;
			productRefGroup = 69BF8EEC1E4E5EF800B435AB /* Products */;
			projectDirPath = "";
			projectRoot = "";
			targets = (
				69BF8EEA1E4E5EF800B435AB /* ShinyRainy */,
			);
		};
/* End PBXProject section */

/* Begin PBXResourcesBuildPhase section */
		69BF8EE91E4E5EF800B435AB /* Resources */ = {
			isa = PBXResourcesBuildPhase;
			buildActionMask = 2147483647;
			files = (
				69BF8EF91E4E5EF800B435AB /* LaunchScreen.storyboard in Resources */,
				69BF8EF61E4E5EF800B435AB /* Assets.xcassets in Resources */,
				69BF8EF41E4E5EF800B435AB /* Main.storyboard in Resources */,
			);
			runOnlyForDeploymentPostprocessing = 0;
		};
/* End PBXResourcesBuildPhase section */

/* Begin PBXSourcesBuildPhase section */
		69BF8EE71E4E5EF800B435AB /* Sources */ = {
			isa = PBXSourcesBuildPhase;
			buildActionMask = 2147483647;
			files = (
				69BF8EF11E4E5EF800B435AB /* ViewController.swift in Sources */,
				69BF8EEF1E4E5EF800B435AB /* AppDelegate.swift in Sources */,
			);
			runOnlyForDeploymentPostprocessing = 0;
		};
/* End PBXSourcesBuildPhase section */

/* Begin PBXVariantGroup section */
		69BF8EF21E4E5EF800B435AB /* Main.storyboard */ = {
			isa = PBXVariantGroup;
			children = (
				69BF8EF31E4E5EF800B435AB /* Base */,
			);
			name = Main.storyboard;
			sourceTree = "<group>";
		};
		69BF8EF71E4E5EF800B435AB /* LaunchScreen.storyboard */ = {
			isa = PBXVariantGroup;
			children = (
				69BF8EF81E4E5EF800B435AB /* Base */,
			);
			name = LaunchScreen.storyboard;
			sourceTree = "<group>";
		};
/* End PBXVariantGroup section */

/* Begin XCBuildConfiguration section */
		69BF8EFB1E4E5EF800B435AB /* Debug */ = {
			isa = XCBuildConfiguration;
			buildSettings = {
				ALWAYS_SEARCH_USER_PATHS = NO;
				CLANG_ANALYZER_NONNULL = YES;
				CLANG_CXX_LANGUAGE_STANDARD = "gnu++0x";
				CLANG_CXX_LIBRARY = "libc++";
				CLANG_ENABLE_MODULES = YES;
				CLANG_ENABLE_OBJC_ARC = YES;
				CLANG_WARN_BOOL_CONVERSION = YES;
				CLANG_WARN_CONSTANT_CONVERSION = YES;
				CLANG_WARN_DIRECT_OBJC_ISA_USAGE = YES_ERROR;
				CLANG_WARN_DOCUMENTATION_COMMENTS = YES;
				CLANG_WARN_EMPTY_BODY = YES;
				CLANG_WARN_ENUM_CONVERSION = YES;
				CLANG_WARN_INFINITE_RECURSION = YES;
				CLANG_WARN_INT_CONVERSION = YES;
				CLANG_WARN_OBJC_ROOT_CLASS = YES_ERROR;
				CLANG_WARN_SUSPICIOUS_MOVE = YES;
				CLANG_WARN_UNREACHABLE_CODE = YES;
				CLANG_WARN__DUPLICATE_METHOD_MATCH = YES;
				"CODE_SIGN_IDENTITY[sdk=iphoneos*]" = "iPhone Developer";
				COPY_PHASE_STRIP = NO;
				DEBUG_INFORMATION_FORMAT = dwarf;
				ENABLE_STRICT_OBJC_MSGSEND = YES;
				ENABLE_TESTABILITY = YES;
				GCC_C_LANGUAGE_STANDARD = gnu99;
				GCC_DYNAMIC_NO_PIC = NO;
				GCC_NO_COMMON_BLOCKS = YES;
				GCC_OPTIMIZATION_LEVEL = 0;
				GCC_PREPROCESSOR_DEFINITIONS = (
					"DEBUG=1",
					"$(inherited)",
				);
				GCC_WARN_64_TO_32_BIT_CONVERSION = YES;
				GCC_WARN_ABOUT_RETURN_TYPE = YES_ERROR;
				GCC_WARN_UNDECLARED_SELECTOR = YES;
				GCC_WARN_UNINITIALIZED_AUTOS = YES_AGGRESSIVE;
				GCC_WARN_UNUSED_FUNCTION = YES;
				GCC_WARN_UNUSED_VARIABLE = YES;
				IPHONEOS_DEPLOYMENT_TARGET = 10.2;
				MTL_ENABLE_DEBUG_INFO = YES;
				ONLY_ACTIVE_ARCH = YES;
				SDKROOT = iphoneos;
				SWIFT_ACTIVE_COMPILATION_CONDITIONS = DEBUG;
				SWIFT_OPTIMIZATION_LEVEL = "-Onone";
			};
			name = Debug;
		};
		69BF8EFC1E4E5EF800B435AB /* Release */ = {
			isa = XCBuildConfiguration;
			buildSettings = {
				ALWAYS_SEARCH_USER_PATHS = NO;
				CLANG_ANALYZER_NONNULL = YES;
				CLANG_CXX_LANGUAGE_STANDARD = "gnu++0x";
				CLANG_CXX_LIBRARY = "libc++";
				CLANG_ENABLE_MODULES = YES;
				CLANG_ENABLE_OBJC_ARC = YES;
				CLANG_WARN_BOOL_CONVERSION = YES;
				CLANG_WARN_CONSTANT_CONVERSION = YES;
				CLANG_WARN_DIRECT_OBJC_ISA_USAGE = YES_ERROR;
				CLANG_WARN_DOCUMENTATION_COMMENTS = YES;
				CLANG_WARN_EMPTY_BODY = YES;
				CLANG_WARN_ENUM_CONVERSION = YES;
				CLANG_WARN_INFINITE_RECURSION = YES;
				CLANG_WARN_INT_CONVERSION = YES;
				CLANG_WARN_OBJC_ROOT_CLASS = YES_ERROR;
				CLANG_WARN_SUSPICIOUS_MOVE = YES;
				CLANG_WARN_UNREACHABLE_CODE = YES;
				CLANG_WARN__DUPLICATE_METHOD_MATCH = YES;
				"CODE_SIGN_IDENTITY[sdk=iphoneos*]" = "iPhone Developer";
				COPY_PHASE_STRIP = NO;
				DEBUG_INFORMATION_FORMAT = "dwarf-with-dsym";
				ENABLE_NS_ASSERTIONS = NO;
				ENABLE_STRICT_OBJC_MSGSEND = YES;
				GCC_C_LANGUAGE_STANDARD = gnu99;
				GCC_NO_COMMON_BLOCKS = YES;
				GCC_WARN_64_TO_32_BIT_CONVERSION = YES;
				GCC_WARN_ABOUT_RETURN_TYPE = YES_ERROR;
				GCC_WARN_UNDECLARED_SELECTOR = YES;
				GCC_WARN_UNINITIALIZED_AUTOS = YES_AGGRESSIVE;
				GCC_WARN_UNUSED_FUNCTION = YES;
				GCC_WARN_UNUSED_VARIABLE = YES;
				IPHONEOS_DEPLOYMENT_TARGET = 10.2;
				MTL_ENABLE_DEBUG_INFO = NO;
				SDKROOT = iphoneos;
				SWIFT_OPTIMIZATION_LEVEL = "-Owholemodule";
				VALIDATE_PRODUCT = YES;
			};
			name = Release;
		};
		69BF8EFE1E4E5EF800B435AB /* Debug */ = {
			isa = XCBuildConfiguration;
			buildSettings = {
				ASSETCATALOG_COMPILER_APPICON_NAME = AppIcon;
				DEVELOPMENT_TEAM = PY3Q8L7FLF;
				INFOPLIST_FILE = ShinyRainy/Info.plist;
				LD_RUNPATH_SEARCH_PATHS = "$(inherited) @executable_path/Frameworks";
				PRODUCT_BUNDLE_IDENTIFIER = com.kulichkov.swift.ShinyRainy;
				PRODUCT_NAME = "$(TARGET_NAME)";
				SWIFT_VERSION = 3.0;
			};
			name = Debug;
		};
		69BF8EFF1E4E5EF800B435AB /* Release */ = {
			isa = XCBuildConfiguration;
			buildSettings = {
				ASSETCATALOG_COMPILER_APPICON_NAME = AppIcon;
				DEVELOPMENT_TEAM = PY3Q8L7FLF;
				INFOPLIST_FILE = ShinyRainy/Info.plist;
				LD_RUNPATH_SEARCH_PATHS = "$(inherited) @executable_path/Frameworks";
				PRODUCT_BUNDLE_IDENTIFIER = com.kulichkov.swift.ShinyRainy;
				PRODUCT_NAME = "$(TARGET_NAME)";
				SWIFT_VERSION = 3.0;
			};
			name = Release;
		};
/* End XCBuildConfiguration section */

/* Begin XCConfigurationList section */
		69BF8EE61E4E5EF800B435AB /* Build configuration list for PBXProject "ShinyRainy" */ = {
			isa = XCConfigurationList;
			buildConfigurations = (
				69BF8EFB1E4E5EF800B435AB /* Debug */,
				69BF8EFC1E4E5EF800B435AB /* Release */,
			);
			defaultConfigurationIsVisible = 0;
			defaultConfigurationName = Release;
		};
		69BF8EFD1E4E5EF800B435AB /* Build configuration list for PBXNativeTarget "ShinyRainy" */ = {
			isa = XCConfigurationList;
			buildConfigurations = (
				69BF8EFE1E4E5EF800B435AB /* Debug */,
				69BF8EFF1E4E5EF800B435AB /* Release */,
			);
			defaultConfigurationIsVisible = 0;
		};
/* End XCConfigurationList section */
	};
	rootObject = 69BF8EE31E4E5EF800B435AB /* Project object */;
}
